
Microsoft Visual Studio Solution File, Format Version 12.00
# Visual Studio Version 17
VisualStudioVersion = 17.9.34902.65
MinimumVisualStudioVersion = 10.0.40219.1
Project("{FAE04EC0-301F-11D3-BF4B-00C04F79EFBC}") = "Identity.Domain", "Identity.Domain\Identity.Domain.csproj", "{4CDFF62F-453C-47F9-AB1C-65F7DE6EFDEF}"
EndProject
Project("{FAE04EC0-301F-11D3-BF4B-00C04F79EFBC}") = "Identity.Infrastructure", "Identity.Infrastructure\Identity.Infrastructure.csproj", "{06852D4D-BD39-4DB6-ADAE-77BBE3A37115}"
EndProject
Project("{FAE04EC0-301F-11D3-BF4B-00C04F79EFBC}") = "Identity.UI", "Identity.UI\Identity.UI.csproj", "{4CAD0FD0-6633-4F8C-AB05-BF037D313B6A}"
EndProject
Global
	GlobalSection(SolutionConfigurationPlatforms) = preSolution
		Debug|Any CPU = Debug|Any CPU
		Release|Any CPU = Release|Any CPU
	EndGlobalSection
	GlobalSection(ProjectConfigurationPlatforms) = postSolution
		{4CDFF62F-453C-47F9-AB1C-65F7DE6EFDEF}.Debug|Any CPU.ActiveCfg = Debug|Any CPU
		{4CDFF62F-453C-47F9-AB1C-65F7DE6EFDEF}.Debug|Any CPU.Build.0 = Debug|Any CPU
		{4CDFF62F-453C-47F9-AB1C-65F7DE6EFDEF}.Release|Any CPU.ActiveCfg = Release|Any CPU
		{4CDFF62F-453C-47F9-AB1C-65F7DE6EFDEF}.Release|Any CPU.Build.0 = Release|Any CPU
		{06852D4D-BD39-4DB6-ADAE-77BBE3A37115}.Debug|Any CPU.ActiveCfg = Debug|Any CPU
		{06852D4D-BD39-4DB6-ADAE-77BBE3A37115}.Debug|Any CPU.Build.0 = Debug|Any CPU
		{06852D4D-BD39-4DB6-ADAE-77BBE3A37115}.Release|Any CPU.ActiveCfg = Release|Any CPU
		{06852D4D-BD39-4DB6-ADAE-77BBE3A37115}.Release|Any CPU.Build.0 = Release|Any CPU
		{4CAD0FD0-6633-4F8C-AB05-BF037D313B6A}.Debug|Any CPU.ActiveCfg = Debug|Any CPU
		{4CAD0FD0-6633-4F8C-AB05-BF037D313B6A}.Debug|Any CPU.Build.0 = Debug|Any CPU
		{4CAD0FD0-6633-4F8C-AB05-BF037D313B6A}.Release|Any CPU.ActiveCfg = Release|Any CPU
		{4CAD0FD0-6633-4F8C-AB05-BF037D313B6A}.Release|Any CPU.Build.0 = Release|Any CPU
	EndGlobalSection
	GlobalSection(SolutionProperties) = preSolution
		HideSolutionNode = FALSE
	EndGlobalSection
	GlobalSection(ExtensibilityGlobals) = postSolution
		SolutionGuid = {A8BAE8ED-C631-4236-9161-554CC41A9B72}
	EndGlobalSection
EndGlobal
